
Microsoft Visual Studio Solution File, Format Version 12.00
# Visual Studio 15
VisualStudioVersion = 15.0.28307.1500
MinimumVisualStudioVersion = 10.0.40219.1
Project("{FAE04EC0-301F-11D3-BF4B-00C04F79EFBC}") = "WebAPIDemoProject", "WebAPIDemoProject\WebAPIDemoProject.csproj", "{788215F1-4690-4FEB-9DDE-365B3674565C}"
EndProject
Project("{FAE04EC0-301F-11D3-BF4B-00C04F79EFBC}") = "RouteTests", "RouteTests\RouteTests.csproj", "{E1726689-5B64-401A-9080-C2118E88860F}"
EndProject
Global
	GlobalSection(SolutionConfigurationPlatforms) = preSolution
		Debug|Any CPU = Debug|Any CPU
		Release|Any CPU = Release|Any CPU
	EndGlobalSection
	GlobalSection(ProjectConfigurationPlatforms) = postSolution
		{788215F1-4690-4FEB-9DDE-365B3674565C}.Debug|Any CPU.ActiveCfg = Debug|Any CPU
		{788215F1-4690-4FEB-9DDE-365B3674565C}.Debug|Any CPU.Build.0 = Debug|Any CPU
		{788215F1-4690-4FEB-9DDE-365B3674565C}.Release|Any CPU.ActiveCfg = Release|Any CPU
		{788215F1-4690-4FEB-9DDE-365B3674565C}.Release|Any CPU.Build.0 = Release|Any CPU
		{E1726689-5B64-401A-9080-C2118E88860F}.Debug|Any CPU.ActiveCfg = Debug|Any CPU
		{E1726689-5B64-401A-9080-C2118E88860F}.Debug|Any CPU.Build.0 = Debug|Any CPU
		{E1726689-5B64-401A-9080-C2118E88860F}.Release|Any CPU.ActiveCfg = Release|Any CPU
		{E1726689-5B64-401A-9080-C2118E88860F}.Release|Any CPU.Build.0 = Release|Any CPU
	EndGlobalSection
	GlobalSection(SolutionProperties) = preSolution
		HideSolutionNode = FALSE
	EndGlobalSection
	GlobalSection(ExtensibilityGlobals) = postSolution
		SolutionGuid = {7E87FE9F-716A-490A-8CA1-EF7E8BDBEA9D}
	EndGlobalSection
EndGlobal
